
Microsoft Visual Studio Solution File, Format Version 12.00
# Visual Studio Version 16
VisualStudioVersion = 16.0.29209.62
MinimumVisualStudioVersion = 10.0.40219.1
Project("{FAE04EC0-301F-11D3-BF4B-00C04F79EFBC}") = "Pokemon", "Pokemon\Pokemon.csproj", "{CC624A23-D3D1-4941-8BD6-4F9967752B36}"
EndProject
Global
	GlobalSection(SolutionConfigurationPlatforms) = preSolution
		Debug|Any CPU = Debug|Any CPU
		Release|Any CPU = Release|Any CPU
	EndGlobalSection
	GlobalSection(ProjectConfigurationPlatforms) = postSolution
		{CC624A23-D3D1-4941-8BD6-4F9967752B36}.Debug|Any CPU.ActiveCfg = Debug|Any CPU
		{CC624A23-D3D1-4941-8BD6-4F9967752B36}.Debug|Any CPU.Build.0 = Debug|Any CPU
		{CC624A23-D3D1-4941-8BD6-4F9967752B36}.Release|Any CPU.ActiveCfg = Release|Any CPU
		{CC624A23-D3D1-4941-8BD6-4F9967752B36}.Release|Any CPU.Build.0 = Release|Any CPU
	EndGlobalSection
	GlobalSection(SolutionProperties) = preSolution
		HideSolutionNode = FALSE
	EndGlobalSection
	GlobalSection(ExtensibilityGlobals) = postSolution
		SolutionGuid = {7E6E8FC2-852C-47C5-BD91-CB185F4C993D}
	EndGlobalSection
EndGlobal
